
Microsoft Visual Studio Solution File, Format Version 12.00
# Visual Studio 15
VisualStudioVersion = 15.0.26430.6
MinimumVisualStudioVersion = 10.0.40219.1
Project("{FAE04EC0-301F-11D3-BF4B-00C04F79EFBC}") = "messerver", "messerver\messerver.csproj", "{DB4010DD-AAF3-4895-80A6-B36A78C2F991}"
EndProject
Project("{FAE04EC0-301F-11D3-BF4B-00C04F79EFBC}") = "messclient", "..\messclient\messclient\messclient.csproj", "{24DA6AE4-AAD6-4A12-8C0A-8FE1F04C09D4}"
EndProject
Global
	GlobalSection(SolutionConfigurationPlatforms) = preSolution
		Debug|Any CPU = Debug|Any CPU
		Release|Any CPU = Release|Any CPU
	EndGlobalSection
	GlobalSection(ProjectConfigurationPlatforms) = postSolution
		{DB4010DD-AAF3-4895-80A6-B36A78C2F991}.Debug|Any CPU.ActiveCfg = Debug|Any CPU
		{DB4010DD-AAF3-4895-80A6-B36A78C2F991}.Debug|Any CPU.Build.0 = Debug|Any CPU
		{DB4010DD-AAF3-4895-80A6-B36A78C2F991}.Release|Any CPU.ActiveCfg = Release|Any CPU
		{DB4010DD-AAF3-4895-80A6-B36A78C2F991}.Release|Any CPU.Build.0 = Release|Any CPU
		{24DA6AE4-AAD6-4A12-8C0A-8FE1F04C09D4}.Debug|Any CPU.ActiveCfg = Debug|Any CPU
		{24DA6AE4-AAD6-4A12-8C0A-8FE1F04C09D4}.Debug|Any CPU.Build.0 = Debug|Any CPU
		{24DA6AE4-AAD6-4A12-8C0A-8FE1F04C09D4}.Release|Any CPU.ActiveCfg = Release|Any CPU
		{24DA6AE4-AAD6-4A12-8C0A-8FE1F04C09D4}.Release|Any CPU.Build.0 = Release|Any CPU
	EndGlobalSection
	GlobalSection(SolutionProperties) = preSolution
		HideSolutionNode = FALSE
	EndGlobalSection
EndGlobal
